// !$*UTF8*$!
{
	archiveVersion = 1;
	classes = {
	};
	objectVersion = 50;
	objects = {

/* Begin PBXBuildFile section */
		2986A4D92202BF1100316C1D /* AppDelegate.swift in Sources */ = {isa = PBXBuildFile; fileRef = 2986A4D82202BF1100316C1D /* AppDelegate.swift */; };
		2986A4DB2202BF1100316C1D /* ViewController.swift in Sources */ = {isa = PBXBuildFile; fileRef = 2986A4DA2202BF1100316C1D /* ViewController.swift */; };
		2986A4DE2202BF1100316C1D /* Main.storyboard in Resources */ = {isa = PBXBuildFile; fileRef = 2986A4DC2202BF1100316C1D /* Main.storyboard */; };
		2986A4E02202BF1100316C1D /* Assets.xcassets in Resources */ = {isa = PBXBuildFile; fileRef = 2986A4DF2202BF1100316C1D /* Assets.xcassets */; };
		2986A4E32202BF1100316C1D /* LaunchScreen.storyboard in Resources */ = {isa = PBXBuildFile; fileRef = 2986A4E12202BF1100316C1D /* LaunchScreen.storyboard */; };
		860A27D5E528E8239C216D1E /* Pods_FlickrSlide.framework in Frameworks */ = {isa = PBXBuildFile; fileRef = 2E17821B3C9FDFBB3BB3B59C /* Pods_FlickrSlide.framework */; };
/* End PBXBuildFile section */

/* Begin PBXFileReference section */
		2986A4D52202BF1100316C1D /* FlickrSlide.app */ = {isa = PBXFileReference; explicitFileType = wrapper.application; includeInIndex = 0; path = FlickrSlide.app; sourceTree = BUILT_PRODUCTS_DIR; };
		2986A4D82202BF1100316C1D /* AppDelegate.swift */ = {isa = PBXFileReference; lastKnownFileType = sourcecode.swift; path = AppDelegate.swift; sourceTree = "<group>"; };
		2986A4DA2202BF1100316C1D /* ViewController.swift */ = {isa = PBXFileReference; lastKnownFileType = sourcecode.swift; path = ViewController.swift; sourceTree = "<group>"; };
		2986A4DD2202BF1100316C1D /* Base */ = {isa = PBXFileReference; lastKnownFileType = file.storyboard; name = Base; path = Base.lproj/Main.storyboard; sourceTree = "<group>"; };
		2986A4DF2202BF1100316C1D /* Assets.xcassets */ = {isa = PBXFileReference; lastKnownFileType = folder.assetcatalog; path = Assets.xcassets; sourceTree = "<group>"; };
		2986A4E22202BF1100316C1D /* Base */ = {isa = PBXFileReference; lastKnownFileType = file.storyboard; name = Base; path = Base.lproj/LaunchScreen.storyboard; sourceTree = "<group>"; };
		2986A4E42202BF1100316C1D /* Info.plist */ = {isa = PBXFileReference; lastKnownFileType = text.plist.xml; path = Info.plist; sourceTree = "<group>"; };
		2E17821B3C9FDFBB3BB3B59C /* Pods_FlickrSlide.framework */ = {isa = PBXFileReference; explicitFileType = wrapper.framework; includeInIndex = 0; path = Pods_FlickrSlide.framework; sourceTree = BUILT_PRODUCTS_DIR; };
		745CFF0497733DB2DB1FEC6B /* Pods-FlickrSlide.debug.xcconfig */ = {isa = PBXFileReference; includeInIndex = 1; lastKnownFileType = text.xcconfig; name = "Pods-FlickrSlide.debug.xcconfig"; path = "Pods/Target Support Files/Pods-FlickrSlide/Pods-FlickrSlide.debug.xcconfig"; sourceTree = "<group>"; };
		ADB37ED4D00F831457789398 /* Pods-FlickrSlide.release.xcconfig */ = {isa = PBXFileReference; includeInIndex = 1; lastKnownFileType = text.xcconfig; name = "Pods-FlickrSlide.release.xcconfig"; path = "Pods/Target Support Files/Pods-FlickrSlide/Pods-FlickrSlide.release.xcconfig"; sourceTree = "<group>"; };
/* End PBXFileReference section */

/* Begin PBXFrameworksBuildPhase section */
		2986A4D22202BF1100316C1D /* Frameworks */ = {
			isa = PBXFrameworksBuildPhase;
			buildActionMask = 2147483647;
			files = (
				860A27D5E528E8239C216D1E /* Pods_FlickrSlide.framework in Frameworks */,
			);
			runOnlyForDeploymentPostprocessing = 0;
		};
/* End PBXFrameworksBuildPhase section */

/* Begin PBXGroup section */
		2986A4CC2202BF1100316C1D = {
			isa = PBXGroup;
			children = (
				2986A4D72202BF1100316C1D /* FlickrSlide */,
				2986A4D62202BF1100316C1D /* Products */,
				5A204765CFE0B88B66B3E42D /* Pods */,
				C836F0C18560169C16A1D7BB /* Frameworks */,
			);
			sourceTree = "<group>";
		};
		2986A4D62202BF1100316C1D /* Products */ = {
			isa = PBXGroup;
			children = (
				2986A4D52202BF1100316C1D /* FlickrSlide.app */,
			);
			name = Products;
			sourceTree = "<group>";
		};
		2986A4D72202BF1100316C1D /* FlickrSlide */ = {
			isa = PBXGroup;
			children = (
				2986A4D82202BF1100316C1D /* AppDelegate.swift */,
				2986A4DA2202BF1100316C1D /* ViewController.swift */,
				2986A4DC2202BF1100316C1D /* Main.storyboard */,
				2986A4DF2202BF1100316C1D /* Assets.xcassets */,
				2986A4E12202BF1100316C1D /* LaunchScreen.storyboard */,
				2986A4E42202BF1100316C1D /* Info.plist */,
			);
			path = FlickrSlide;
			sourceTree = "<group>";
		};
		5A204765CFE0B88B66B3E42D /* Pods */ = {
			isa = PBXGroup;
			children = (
				745CFF0497733DB2DB1FEC6B /* Pods-FlickrSlide.debug.xcconfig */,
				ADB37ED4D00F831457789398 /* Pods-FlickrSlide.release.xcconfig */,
			);
			name = Pods;
			sourceTree = "<group>";
		};
		C836F0C18560169C16A1D7BB /* Frameworks */ = {
			isa = PBXGroup;
			children = (
				2E17821B3C9FDFBB3BB3B59C /* Pods_FlickrSlide.framework */,
			);
			name = Frameworks;
			sourceTree = "<group>";
		};
/* End PBXGroup section */

/* Begin PBXNativeTarget section */
		2986A4D42202BF1100316C1D /* FlickrSlide */ = {
			isa = PBXNativeTarget;
			buildConfigurationList = 2986A4E72202BF1100316C1D /* Build configuration list for PBXNativeTarget "FlickrSlide" */;
			buildPhases = (
				FC923DE8BE2197160236E2E3 /* [CP] Check Pods Manifest.lock */,
				2986A4D12202BF1100316C1D /* Sources */,
				2986A4D22202BF1100316C1D /* Frameworks */,
				2986A4D32202BF1100316C1D /* Resources */,
				CA6193097DF8C09AC0F5CFF4 /* [CP] Embed Pods Frameworks */,
				86E682A5A5A9606EF6F3CA1E /* [CP] Copy Pods Resources */,
			);
			buildRules = (
			);
			dependencies = (
			);
			name = FlickrSlide;
			productName = FlickrSlide;
			productReference = 2986A4D52202BF1100316C1D /* FlickrSlide.app */;
			productType = "com.apple.product-type.application";
		};
/* End PBXNativeTarget section */

/* Begin PBXProject section */
		2986A4CD2202BF1100316C1D /* Project object */ = {
			isa = PBXProject;
			attributes = {
				LastSwiftUpdateCheck = 1010;
				LastUpgradeCheck = 1010;
				ORGANIZATIONNAME = Xeon;
				TargetAttributes = {
					2986A4D42202BF1100316C1D = {
						CreatedOnToolsVersion = 10.1;
					};
				};
			};
			buildConfigurationList = 2986A4D02202BF1100316C1D /* Build configuration list for PBXProject "FlickrSlide" */;
			compatibilityVersion = "Xcode 9.3";
			developmentRegion = en;
			hasScannedForEncodings = 0;
			knownRegions = (
				en,
				Base,
			);
			mainGroup = 2986A4CC2202BF1100316C1D;
			productRefGroup = 2986A4D62202BF1100316C1D /* Products */;
			projectDirPath = "";
			projectRoot = "";
			targets = (
				2986A4D42202BF1100316C1D /* FlickrSlide */,
			);
		};
/* End PBXProject section */

/* Begin PBXResourcesBuildPhase section */
		2986A4D32202BF1100316C1D /* Resources */ = {
			isa = PBXResourcesBuildPhase;
			buildActionMask = 2147483647;
			files = (
				2986A4E32202BF1100316C1D /* LaunchScreen.storyboard in Resources */,
				2986A4E02202BF1100316C1D /* Assets.xcassets in Resources */,
				2986A4DE2202BF1100316C1D /* Main.storyboard in Resources */,
			);
			runOnlyForDeploymentPostprocessing = 0;
		};
/* End PBXResourcesBuildPhase section */

/* Begin PBXShellScriptBuildPhase section */
		86E682A5A5A9606EF6F3CA1E /* [CP] Copy Pods Resources */ = {
			isa = PBXShellScriptBuildPhase;
			buildActionMask = 2147483647;
			files = (
			);
			inputPaths = (
			);
			name = "[CP] Copy Pods Resources";
			outputPaths = (
			);
			runOnlyForDeploymentPostprocessing = 0;
			shellPath = /bin/sh;
			shellScript = "\"${SRCROOT}/Pods/Target Support Files/Pods-FlickrSlide/Pods-FlickrSlide-resources.sh\"\n";
			showEnvVarsInLog = 0;
		};
		CA6193097DF8C09AC0F5CFF4 /* [CP] Embed Pods Frameworks */ = {
			isa = PBXShellScriptBuildPhase;
			buildActionMask = 2147483647;
			files = (
			);
			inputPaths = (
				"${SRCROOT}/Pods/Target Support Files/Pods-FlickrSlide/Pods-FlickrSlide-frameworks.sh",
				"${BUILT_PRODUCTS_DIR}/RxAtomic/RxAtomic.framework",
				"${BUILT_PRODUCTS_DIR}/RxCocoa/RxCocoa.framework",
				"${BUILT_PRODUCTS_DIR}/RxSwift/RxSwift.framework",
			);
			name = "[CP] Embed Pods Frameworks";
			outputPaths = (
				"${TARGET_BUILD_DIR}/${FRAMEWORKS_FOLDER_PATH}/RxAtomic.framework",
				"${TARGET_BUILD_DIR}/${FRAMEWORKS_FOLDER_PATH}/RxCocoa.framework",
				"${TARGET_BUILD_DIR}/${FRAMEWORKS_FOLDER_PATH}/RxSwift.framework",
			);
			runOnlyForDeploymentPostprocessing = 0;
			shellPath = /bin/sh;
			shellScript = "\"${SRCROOT}/Pods/Target Support Files/Pods-FlickrSlide/Pods-FlickrSlide-frameworks.sh\"\n";
			showEnvVarsInLog = 0;
		};
		FC923DE8BE2197160236E2E3 /* [CP] Check Pods Manifest.lock */ = {
			isa = PBXShellScriptBuildPhase;
			buildActionMask = 2147483647;
			files = (
			);
			inputPaths = (
				"${PODS_PODFILE_DIR_PATH}/Podfile.lock",
				"${PODS_ROOT}/Manifest.lock",
			);
			name = "[CP] Check Pods Manifest.lock";
			outputPaths = (
				"$(DERIVED_FILE_DIR)/Pods-FlickrSlide-checkManifestLockResult.txt",
			);
			runOnlyForDeploymentPostprocessing = 0;
			shellPath = /bin/sh;
			shellScript = "diff \"${PODS_PODFILE_DIR_PATH}/Podfile.lock\" \"${PODS_ROOT}/Manifest.lock\" > /dev/null\nif [ $? != 0 ] ; then\n    # print error to STDERR\n    echo \"error: The sandbox is not in sync with the Podfile.lock. Run 'pod install' or update your CocoaPods installation.\" >&2\n    exit 1\nfi\n# This output is used by Xcode 'outputs' to avoid re-running this script phase.\necho \"SUCCESS\" > \"${SCRIPT_OUTPUT_FILE_0}\"\n";
			showEnvVarsInLog = 0;
		};
/* End PBXShellScriptBuildPhase section */

/* Begin PBXSourcesBuildPhase section */
		2986A4D12202BF1100316C1D /* Sources */ = {
			isa = PBXSourcesBuildPhase;
			buildActionMask = 2147483647;
			files = (
				2986A4DB2202BF1100316C1D /* ViewController.swift in Sources */,
				2986A4D92202BF1100316C1D /* AppDelegate.swift in Sources */,
			);
			runOnlyForDeploymentPostprocessing = 0;
		};
/* End PBXSourcesBuildPhase section */

/* Begin PBXVariantGroup section */
		2986A4DC2202BF1100316C1D /* Main.storyboard */ = {
			isa = PBXVariantGroup;
			children = (
				2986A4DD2202BF1100316C1D /* Base */,
			);
			name = Main.storyboard;
			sourceTree = "<group>";
		};
		2986A4E12202BF1100316C1D /* LaunchScreen.storyboard */ = {
			isa = PBXVariantGroup;
			children = (
				2986A4E22202BF1100316C1D /* Base */,
			);
			name = LaunchScreen.storyboard;
			sourceTree = "<group>";
		};
/* End PBXVariantGroup section */

/* Begin XCBuildConfiguration section */
		2986A4E52202BF1100316C1D /* Debug */ = {
			isa = XCBuildConfiguration;
			buildSettings = {
				ALWAYS_SEARCH_USER_PATHS = NO;
				CLANG_ANALYZER_NONNULL = YES;
				CLANG_ANALYZER_NUMBER_OBJECT_CONVERSION = YES_AGGRESSIVE;
				CLANG_CXX_LANGUAGE_STANDARD = "gnu++14";
				CLANG_CXX_LIBRARY = "libc++";
				CLANG_ENABLE_MODULES = YES;
				CLANG_ENABLE_OBJC_ARC = YES;
				CLANG_ENABLE_OBJC_WEAK = YES;
				CLANG_WARN_BLOCK_CAPTURE_AUTORELEASING = YES;
				CLANG_WARN_BOOL_CONVERSION = YES;
				CLANG_WARN_COMMA = YES;
				CLANG_WARN_CONSTANT_CONVERSION = YES;
				CLANG_WARN_DEPRECATED_OBJC_IMPLEMENTATIONS = YES;
				CLANG_WARN_DIRECT_OBJC_ISA_USAGE = YES_ERROR;
				CLANG_WARN_DOCUMENTATION_COMMENTS = YES;
				CLANG_WARN_EMPTY_BODY = YES;
				CLANG_WARN_ENUM_CONVERSION = YES;
				CLANG_WARN_INFINITE_RECURSION = YES;
				CLANG_WARN_INT_CONVERSION = YES;
				CLANG_WARN_NON_LITERAL_NULL_CONVERSION = YES;
				CLANG_WARN_OBJC_IMPLICIT_RETAIN_SELF = YES;
				CLANG_WARN_OBJC_LITERAL_CONVERSION = YES;
				CLANG_WARN_OBJC_ROOT_CLASS = YES_ERROR;
				CLANG_WARN_RANGE_LOOP_ANALYSIS = YES;
				CLANG_WARN_STRICT_PROTOTYPES = YES;
				CLANG_WARN_SUSPICIOUS_MOVE = YES;
				CLANG_WARN_UNGUARDED_AVAILABILITY = YES_AGGRESSIVE;
				CLANG_WARN_UNREACHABLE_CODE = YES;
				CLANG_WARN__DUPLICATE_METHOD_MATCH = YES;
				CODE_SIGN_IDENTITY = "iPhone Developer";
				COPY_PHASE_STRIP = NO;
				DEBUG_INFORMATION_FORMAT = dwarf;
				ENABLE_STRICT_OBJC_MSGSEND = YES;
				ENABLE_TESTABILITY = YES;
				GCC_C_LANGUAGE_STANDARD = gnu11;
				GCC_DYNAMIC_NO_PIC = NO;
				GCC_NO_COMMON_BLOCKS = YES;
				GCC_OPTIMIZATION_LEVEL = 0;
				GCC_PREPROCESSOR_DEFINITIONS = (
					"DEBUG=1",
					"$(inherited)",
				);
				GCC_WARN_64_TO_32_BIT_CONVERSION = YES;
				GCC_WARN_ABOUT_RETURN_TYPE = YES_ERROR;
				GCC_WARN_UNDECLARED_SELECTOR = YES;
				GCC_WARN_UNINITIALIZED_AUTOS = YES_AGGRESSIVE;
				GCC_WARN_UNUSED_FUNCTION = YES;
				GCC_WARN_UNUSED_VARIABLE = YES;
				IPHONEOS_DEPLOYMENT_TARGET = 12.1;
				MTL_ENABLE_DEBUG_INFO = INCLUDE_SOURCE;
				MTL_FAST_MATH = YES;
				ONLY_ACTIVE_ARCH = YES;
				SDKROOT = iphoneos;
				SWIFT_ACTIVE_COMPILATION_CONDITIONS = DEBUG;
				SWIFT_OPTIMIZATION_LEVEL = "-Onone";
			};
			name = Debug;
		};
		2986A4E62202BF1100316C1D /* Release */ = {
			isa = XCBuildConfiguration;
			buildSettings = {
				ALWAYS_SEARCH_USER_PATHS = NO;
				CLANG_ANALYZER_NONNULL = YES;
				CLANG_ANALYZER_NUMBER_OBJECT_CONVERSION = YES_AGGRESSIVE;
				CLANG_CXX_LANGUAGE_STANDARD = "gnu++14";
				CLANG_CXX_LIBRARY = "libc++";
				CLANG_ENABLE_MODULES = YES;
				CLANG_ENABLE_OBJC_ARC = YES;
				CLANG_ENABLE_OBJC_WEAK = YES;
				CLANG_WARN_BLOCK_CAPTURE_AUTORELEASING = YES;
				CLANG_WARN_BOOL_CONVERSION = YES;
				CLANG_WARN_COMMA = YES;
				CLANG_WARN_CONSTANT_CONVERSION = YES;
				CLANG_WARN_DEPRECATED_OBJC_IMPLEMENTATIONS = YES;
				CLANG_WARN_DIRECT_OBJC_ISA_USAGE = YES_ERROR;
				CLANG_WARN_DOCUMENTATION_COMMENTS = YES;
				CLANG_WARN_EMPTY_BODY = YES;
				CLANG_WARN_ENUM_CONVERSION = YES;
				CLANG_WARN_INFINITE_RECURSION = YES;
				CLANG_WARN_INT_CONVERSION = YES;
				CLANG_WARN_NON_LITERAL_NULL_CONVERSION = YES;
				CLANG_WARN_OBJC_IMPLICIT_RETAIN_SELF = YES;
				CLANG_WARN_OBJC_LITERAL_CONVERSION = YES;
				CLANG_WARN_OBJC_ROOT_CLASS = YES_ERROR;
				CLANG_WARN_RANGE_LOOP_ANALYSIS = YES;
				CLANG_WARN_STRICT_PROTOTYPES = YES;
				CLANG_WARN_SUSPICIOUS_MOVE = YES;
				CLANG_WARN_UNGUARDED_AVAILABILITY = YES_AGGRESSIVE;
				CLANG_WARN_UNREACHABLE_CODE = YES;
				CLANG_WARN__DUPLICATE_METHOD_MATCH = YES;
				CODE_SIGN_IDENTITY = "iPhone Developer";
				COPY_PHASE_STRIP = NO;
				DEBUG_INFORMATION_FORMAT = "dwarf-with-dsym";
				ENABLE_NS_ASSERTIONS = NO;
				ENABLE_STRICT_OBJC_MSGSEND = YES;
				GCC_C_LANGUAGE_STANDARD = gnu11;
				GCC_NO_COMMON_BLOCKS = YES;
				GCC_WARN_64_TO_32_BIT_CONVERSION = YES;
				GCC_WARN_ABOUT_RETURN_TYPE = YES_ERROR;
				GCC_WARN_UNDECLARED_SELECTOR = YES;
				GCC_WARN_UNINITIALIZED_AUTOS = YES_AGGRESSIVE;
				GCC_WARN_UNUSED_FUNCTION = YES;
				GCC_WARN_UNUSED_VARIABLE = YES;
				IPHONEOS_DEPLOYMENT_TARGET = 12.1;
				MTL_ENABLE_DEBUG_INFO = NO;
				MTL_FAST_MATH = YES;
				SDKROOT = iphoneos;
				SWIFT_COMPILATION_MODE = wholemodule;
				SWIFT_OPTIMIZATION_LEVEL = "-O";
				VALIDATE_PRODUCT = YES;
			};
			name = Release;
		};
		2986A4E82202BF1100316C1D /* Debug */ = {
			isa = XCBuildConfiguration;
			baseConfigurationReference = 745CFF0497733DB2DB1FEC6B /* Pods-FlickrSlide.debug.xcconfig */;
			buildSettings = {
				ASSETCATALOG_COMPILER_APPICON_NAME = AppIcon;
				CODE_SIGN_STYLE = Automatic;
				INFOPLIST_FILE = FlickrSlide/Info.plist;
				LD_RUNPATH_SEARCH_PATHS = "$(inherited) @executable_path/Frameworks";
				PRODUCT_BUNDLE_IDENTIFIER = com.xeon.FlickrSlide;
				PRODUCT_NAME = "$(TARGET_NAME)";
				SWIFT_VERSION = 4.2;
				TARGETED_DEVICE_FAMILY = "1,2";
			};
			name = Debug;
		};
		2986A4E92202BF1100316C1D /* Release */ = {
			isa = XCBuildConfiguration;
			baseConfigurationReference = ADB37ED4D00F831457789398 /* Pods-FlickrSlide.release.xcconfig */;
			buildSettings = {
				ASSETCATALOG_COMPILER_APPICON_NAME = AppIcon;
				CODE_SIGN_STYLE = Automatic;
				INFOPLIST_FILE = FlickrSlide/Info.plist;
				LD_RUNPATH_SEARCH_PATHS = "$(inherited) @executable_path/Frameworks";
				PRODUCT_BUNDLE_IDENTIFIER = com.xeon.FlickrSlide;
				PRODUCT_NAME = "$(TARGET_NAME)";
				SWIFT_VERSION = 4.2;
				TARGETED_DEVICE_FAMILY = "1,2";
			};
			name = Release;
		};
/* End XCBuildConfiguration section */

/* Begin XCConfigurationList section */
		2986A4D02202BF1100316C1D /* Build configuration list for PBXProject "FlickrSlide" */ = {
			isa = XCConfigurationList;
			buildConfigurations = (
				2986A4E52202BF1100316C1D /* Debug */,
				2986A4E62202BF1100316C1D /* Release */,
			);
			defaultConfigurationIsVisible = 0;
			defaultConfigurationName = Release;
		};
		2986A4E72202BF1100316C1D /* Build configuration list for PBXNativeTarget "FlickrSlide" */ = {
			isa = XCConfigurationList;
			buildConfigurations = (
				2986A4E82202BF1100316C1D /* Debug */,
				2986A4E92202BF1100316C1D /* Release */,
			);
			defaultConfigurationIsVisible = 0;
			defaultConfigurationName = Release;
		};
/* End XCConfigurationList section */
	};
	rootObject = 2986A4CD2202BF1100316C1D /* Project object */;
}
